
Microsoft Visual Studio Solution File, Format Version 12.00
# Visual Studio Version 17
VisualStudioVersion = 17.11.35222.181
MinimumVisualStudioVersion = 10.0.40219.1
Project("{FAE04EC0-301F-11D3-BF4B-00C04F79EFBC}") = "LibraryModels", "Models\LibraryModels.csproj", "{4BA85461-AE52-4321-A530-585D723DA65C}"
EndProject
Global
	GlobalSection(SolutionConfigurationPlatforms) = preSolution
		Debug|Any CPU = Debug|Any CPU
		Release|Any CPU = Release|Any CPU
	EndGlobalSection
	GlobalSection(ProjectConfigurationPlatforms) = postSolution
		{4BA85461-AE52-4321-A530-585D723DA65C}.Debug|Any CPU.ActiveCfg = Debug|Any CPU
		{4BA85461-AE52-4321-A530-585D723DA65C}.Debug|Any CPU.Build.0 = Debug|Any CPU
		{4BA85461-AE52-4321-A530-585D723DA65C}.Release|Any CPU.ActiveCfg = Release|Any CPU
		{4BA85461-AE52-4321-A530-585D723DA65C}.Release|Any CPU.Build.0 = Release|Any CPU
	EndGlobalSection
	GlobalSection(SolutionProperties) = preSolution
		HideSolutionNode = FALSE
	EndGlobalSection
	GlobalSection(ExtensibilityGlobals) = postSolution
		SolutionGuid = {A3A9C98A-BCA4-4354-A999-0007022CFE14}
	EndGlobalSection
EndGlobal
